
Microsoft Visual Studio Solution File, Format Version 12.00
# Visual Studio Version 16
VisualStudioVersion = 16.0.808.3
MinimumVisualStudioVersion = 10.0.40219.1
Project("{FAE04EC0-301F-11D3-BF4B-00C04F79EFBC}") = "CRM", "CRM.csproj", "{C5FD2D1A-5AE3-4002-9A86-63E761F1F5FB}"
EndProject
Global
	GlobalSection(SolutionConfigurationPlatforms) = preSolution
		Debug|Any CPU = Debug|Any CPU
		Release|Any CPU = Release|Any CPU
	EndGlobalSection
	GlobalSection(ProjectConfigurationPlatforms) = postSolution
		{C5FD2D1A-5AE3-4002-9A86-63E761F1F5FB}.Debug|Any CPU.ActiveCfg = Debug|Any CPU
		{C5FD2D1A-5AE3-4002-9A86-63E761F1F5FB}.Debug|Any CPU.Build.0 = Debug|Any CPU
		{C5FD2D1A-5AE3-4002-9A86-63E761F1F5FB}.Release|Any CPU.ActiveCfg = Release|Any CPU
		{C5FD2D1A-5AE3-4002-9A86-63E761F1F5FB}.Release|Any CPU.Build.0 = Release|Any CPU
	EndGlobalSection
	GlobalSection(SolutionProperties) = preSolution
		HideSolutionNode = FALSE
	EndGlobalSection
	GlobalSection(ExtensibilityGlobals) = postSolution
		SolutionGuid = {1F5D8D42-84B4-4E45-85ED-70D9F24E9939}
	EndGlobalSection
EndGlobal
